// !$*UTF8*$!
{
	archiveVersion = 1;
	classes = {
	};
	objectVersion = 46;
	objects = {

/* Begin PBXBuildFile section */
		281C77881F6FA992003E044C /* AppDelegate.swift in Sources */ = {isa = PBXBuildFile; fileRef = 281C77871F6FA992003E044C /* AppDelegate.swift */; };
		281C778A1F6FA992003E044C /* BoardViewController.swift in Sources */ = {isa = PBXBuildFile; fileRef = 281C77891F6FA992003E044C /* BoardViewController.swift */; };
		281C778D1F6FA992003E044C /* Main.storyboard in Resources */ = {isa = PBXBuildFile; fileRef = 281C778B1F6FA992003E044C /* Main.storyboard */; };
		281C778F1F6FA992003E044C /* Assets.xcassets in Resources */ = {isa = PBXBuildFile; fileRef = 281C778E1F6FA992003E044C /* Assets.xcassets */; };
		281C77921F6FA992003E044C /* LaunchScreen.storyboard in Resources */ = {isa = PBXBuildFile; fileRef = 281C77901F6FA992003E044C /* LaunchScreen.storyboard */; };
		281C779A1F6FAD9F003E044C /* Chip.swift in Sources */ = {isa = PBXBuildFile; fileRef = 281C77991F6FAD9F003E044C /* Chip.swift */; };
		281C779D1F6FAE3F003E044C /* ChipsCollection.swift in Sources */ = {isa = PBXBuildFile; fileRef = 281C779C1F6FAE3F003E044C /* ChipsCollection.swift */; };
		281C779F1F6FB4DE003E044C /* Game.swift in Sources */ = {isa = PBXBuildFile; fileRef = 281C779E1F6FB4DE003E044C /* Game.swift */; };
		281C77A11F6FB506003E044C /* Player.swift in Sources */ = {isa = PBXBuildFile; fileRef = 281C77A01F6FB506003E044C /* Player.swift */; };
		281C77A31F6FBAD2003E044C /* Board.swift in Sources */ = {isa = PBXBuildFile; fileRef = 281C77A21F6FBAD2003E044C /* Board.swift */; };
		281C77A51F6FC626003E044C /* Matrix.swift in Sources */ = {isa = PBXBuildFile; fileRef = 281C77A41F6FC626003E044C /* Matrix.swift */; };
		281C77AA1F6FDDB9003E044C /* HandView.swift in Sources */ = {isa = PBXBuildFile; fileRef = 281C77A91F6FDDB9003E044C /* HandView.swift */; };
		281C77AC1F6FE13C003E044C /* ChipView.swift in Sources */ = {isa = PBXBuildFile; fileRef = 281C77AB1F6FE13C003E044C /* ChipView.swift */; };
		281C77AE1F6FE735003E044C /* Event.swift in Sources */ = {isa = PBXBuildFile; fileRef = 281C77AD1F6FE735003E044C /* Event.swift */; };
		281C77B81F702070003E044C /* joker_yellow.png in Resources */ = {isa = PBXBuildFile; fileRef = 281C77B31F702070003E044C /* joker_yellow.png */; };
		281C77B91F702070003E044C /* joker_red.png in Resources */ = {isa = PBXBuildFile; fileRef = 281C77B41F702070003E044C /* joker_red.png */; };
		281C77BA1F702070003E044C /* joker_green.png in Resources */ = {isa = PBXBuildFile; fileRef = 281C77B51F702070003E044C /* joker_green.png */; };
		281C77BB1F702070003E044C /* joker_blue.png in Resources */ = {isa = PBXBuildFile; fileRef = 281C77B61F702070003E044C /* joker_blue.png */; };
		281C77BC1F702070003E044C /* joker_black.png in Resources */ = {isa = PBXBuildFile; fileRef = 281C77B71F702070003E044C /* joker_black.png */; };
		281C77BF1F703236003E044C /* AnimationManager.swift in Sources */ = {isa = PBXBuildFile; fileRef = 281C77BE1F703236003E044C /* AnimationManager.swift */; };
		281C77C11F7032C5003E044C /* Deque.swift in Sources */ = {isa = PBXBuildFile; fileRef = 281C77C01F7032C5003E044C /* Deque.swift */; };
		281D5A451F710C1F008CFE14 /* LocationManager.swift in Sources */ = {isa = PBXBuildFile; fileRef = 281D5A441F710C1F008CFE14 /* LocationManager.swift */; };
		281D5A471F710DF1008CFE14 /* DragAndDropProcessor.swift in Sources */ = {isa = PBXBuildFile; fileRef = 281D5A461F710DF1008CFE14 /* DragAndDropProcessor.swift */; };
		281D5A491F710EEC008CFE14 /* ChipsContainerView.swift in Sources */ = {isa = PBXBuildFile; fileRef = 281D5A481F710EEC008CFE14 /* ChipsContainerView.swift */; };
		28ECF4C81F70FAA0004CEC2F /* BoardView.swift in Sources */ = {isa = PBXBuildFile; fileRef = 28ECF4C71F70FAA0004CEC2F /* BoardView.swift */; };
/* End PBXBuildFile section */

/* Begin PBXFileReference section */
		281C77841F6FA992003E044C /* remik.app */ = {isa = PBXFileReference; explicitFileType = wrapper.application; includeInIndex = 0; path = remik.app; sourceTree = BUILT_PRODUCTS_DIR; };
		281C77871F6FA992003E044C /* AppDelegate.swift */ = {isa = PBXFileReference; lastKnownFileType = sourcecode.swift; path = AppDelegate.swift; sourceTree = "<group>"; };
		281C77891F6FA992003E044C /* BoardViewController.swift */ = {isa = PBXFileReference; lastKnownFileType = sourcecode.swift; path = BoardViewController.swift; sourceTree = "<group>"; };
		281C778C1F6FA992003E044C /* Base */ = {isa = PBXFileReference; lastKnownFileType = file.storyboard; name = Base; path = Base.lproj/Main.storyboard; sourceTree = "<group>"; };
		281C778E1F6FA992003E044C /* Assets.xcassets */ = {isa = PBXFileReference; lastKnownFileType = folder.assetcatalog; path = Assets.xcassets; sourceTree = "<group>"; };
		281C77911F6FA992003E044C /* Base */ = {isa = PBXFileReference; lastKnownFileType = file.storyboard; name = Base; path = Base.lproj/LaunchScreen.storyboard; sourceTree = "<group>"; };
		281C77931F6FA992003E044C /* Info.plist */ = {isa = PBXFileReference; lastKnownFileType = text.plist.xml; path = Info.plist; sourceTree = "<group>"; };
		281C77991F6FAD9F003E044C /* Chip.swift */ = {isa = PBXFileReference; fileEncoding = 4; lastKnownFileType = sourcecode.swift; path = Chip.swift; sourceTree = "<group>"; };
		281C779C1F6FAE3F003E044C /* ChipsCollection.swift */ = {isa = PBXFileReference; fileEncoding = 4; lastKnownFileType = sourcecode.swift; path = ChipsCollection.swift; sourceTree = "<group>"; };
		281C779E1F6FB4DE003E044C /* Game.swift */ = {isa = PBXFileReference; fileEncoding = 4; lastKnownFileType = sourcecode.swift; path = Game.swift; sourceTree = "<group>"; };
		281C77A01F6FB506003E044C /* Player.swift */ = {isa = PBXFileReference; fileEncoding = 4; lastKnownFileType = sourcecode.swift; path = Player.swift; sourceTree = "<group>"; };
		281C77A21F6FBAD2003E044C /* Board.swift */ = {isa = PBXFileReference; fileEncoding = 4; lastKnownFileType = sourcecode.swift; path = Board.swift; sourceTree = "<group>"; };
		281C77A41F6FC626003E044C /* Matrix.swift */ = {isa = PBXFileReference; fileEncoding = 4; lastKnownFileType = sourcecode.swift; path = Matrix.swift; sourceTree = "<group>"; };
		281C77A91F6FDDB9003E044C /* HandView.swift */ = {isa = PBXFileReference; fileEncoding = 4; lastKnownFileType = sourcecode.swift; path = HandView.swift; sourceTree = "<group>"; };
		281C77AB1F6FE13C003E044C /* ChipView.swift */ = {isa = PBXFileReference; fileEncoding = 4; lastKnownFileType = sourcecode.swift; path = ChipView.swift; sourceTree = "<group>"; };
		281C77AD1F6FE735003E044C /* Event.swift */ = {isa = PBXFileReference; fileEncoding = 4; lastKnownFileType = sourcecode.swift; path = Event.swift; sourceTree = "<group>"; };
		281C77B31F702070003E044C /* joker_yellow.png */ = {isa = PBXFileReference; lastKnownFileType = image.png; path = joker_yellow.png; sourceTree = "<group>"; };
		281C77B41F702070003E044C /* joker_red.png */ = {isa = PBXFileReference; lastKnownFileType = image.png; path = joker_red.png; sourceTree = "<group>"; };
		281C77B51F702070003E044C /* joker_green.png */ = {isa = PBXFileReference; lastKnownFileType = image.png; path = joker_green.png; sourceTree = "<group>"; };
		281C77B61F702070003E044C /* joker_blue.png */ = {isa = PBXFileReference; lastKnownFileType = image.png; path = joker_blue.png; sourceTree = "<group>"; };
		281C77B71F702070003E044C /* joker_black.png */ = {isa = PBXFileReference; lastKnownFileType = image.png; path = joker_black.png; sourceTree = "<group>"; };
		281C77BE1F703236003E044C /* AnimationManager.swift */ = {isa = PBXFileReference; fileEncoding = 4; lastKnownFileType = sourcecode.swift; path = AnimationManager.swift; sourceTree = "<group>"; };
		281C77C01F7032C5003E044C /* Deque.swift */ = {isa = PBXFileReference; fileEncoding = 4; lastKnownFileType = sourcecode.swift; path = Deque.swift; sourceTree = "<group>"; };
		281D5A441F710C1F008CFE14 /* LocationManager.swift */ = {isa = PBXFileReference; fileEncoding = 4; lastKnownFileType = sourcecode.swift; path = LocationManager.swift; sourceTree = "<group>"; };
		281D5A461F710DF1008CFE14 /* DragAndDropProcessor.swift */ = {isa = PBXFileReference; fileEncoding = 4; lastKnownFileType = sourcecode.swift; path = DragAndDropProcessor.swift; sourceTree = "<group>"; };
		281D5A481F710EEC008CFE14 /* ChipsContainerView.swift */ = {isa = PBXFileReference; fileEncoding = 4; lastKnownFileType = sourcecode.swift; path = ChipsContainerView.swift; sourceTree = "<group>"; };
		28ECF4C71F70FAA0004CEC2F /* BoardView.swift */ = {isa = PBXFileReference; fileEncoding = 4; lastKnownFileType = sourcecode.swift; path = BoardView.swift; sourceTree = "<group>"; };
/* End PBXFileReference section */

/* Begin PBXFrameworksBuildPhase section */
		281C77811F6FA992003E044C /* Frameworks */ = {
			isa = PBXFrameworksBuildPhase;
			buildActionMask = 2147483647;
			files = (
			);
			runOnlyForDeploymentPostprocessing = 0;
		};
/* End PBXFrameworksBuildPhase section */

/* Begin PBXGroup section */
		281C777B1F6FA992003E044C = {
			isa = PBXGroup;
			children = (
				281C77861F6FA992003E044C /* remik */,
				281C77851F6FA992003E044C /* Products */,
			);
			sourceTree = "<group>";
		};
		281C77851F6FA992003E044C /* Products */ = {
			isa = PBXGroup;
			children = (
				281C77841F6FA992003E044C /* remik.app */,
			);
			name = Products;
			sourceTree = "<group>";
		};
		281C77861F6FA992003E044C /* remik */ = {
			isa = PBXGroup;
			children = (
				281C77B21F702056003E044C /* Assets */,
				281C77B11F702043003E044C /* System */,
				281C77A81F6FDD80003E044C /* Views */,
				281C779B1F6FAE28003E044C /* Models */,
				281C77891F6FA992003E044C /* BoardViewController.swift */,
			);
			path = remik;
			sourceTree = "<group>";
		};
		281C779B1F6FAE28003E044C /* Models */ = {
			isa = PBXGroup;
			children = (
				281C77B01F6FE76F003E044C /* Game */,
				281C77AF1F6FE766003E044C /* Base */,
				281C77BE1F703236003E044C /* AnimationManager.swift */,
				281D5A441F710C1F008CFE14 /* LocationManager.swift */,
				281D5A461F710DF1008CFE14 /* DragAndDropProcessor.swift */,
			);
			name = Models;
			sourceTree = "<group>";
		};
		281C77A81F6FDD80003E044C /* Views */ = {
			isa = PBXGroup;
			children = (
				28ECF4C71F70FAA0004CEC2F /* BoardView.swift */,
				281C77A91F6FDDB9003E044C /* HandView.swift */,
				281C77AB1F6FE13C003E044C /* ChipView.swift */,
				281D5A481F710EEC008CFE14 /* ChipsContainerView.swift */,
			);
			name = Views;
			sourceTree = "<group>";
		};
		281C77AF1F6FE766003E044C /* Base */ = {
			isa = PBXGroup;
			children = (
				281C77AD1F6FE735003E044C /* Event.swift */,
				281C77A41F6FC626003E044C /* Matrix.swift */,
				281C77C01F7032C5003E044C /* Deque.swift */,
			);
			name = Base;
			sourceTree = "<group>";
		};
		281C77B01F6FE76F003E044C /* Game */ = {
			isa = PBXGroup;
			children = (
				281C77991F6FAD9F003E044C /* Chip.swift */,
				281C779C1F6FAE3F003E044C /* ChipsCollection.swift */,
				281C779E1F6FB4DE003E044C /* Game.swift */,
				281C77A01F6FB506003E044C /* Player.swift */,
				281C77A21F6FBAD2003E044C /* Board.swift */,
			);
			name = Game;
			sourceTree = "<group>";
		};
		281C77B11F702043003E044C /* System */ = {
			isa = PBXGroup;
			children = (
				281C778B1F6FA992003E044C /* Main.storyboard */,
				281C77901F6FA992003E044C /* LaunchScreen.storyboard */,
				281C77871F6FA992003E044C /* AppDelegate.swift */,
				281C77931F6FA992003E044C /* Info.plist */,
			);
			name = System;
			sourceTree = "<group>";
		};
		281C77B21F702056003E044C /* Assets */ = {
			isa = PBXGroup;
			children = (
				281C778E1F6FA992003E044C /* Assets.xcassets */,
				281C77BD1F70207F003E044C /* images */,
			);
			name = Assets;
			sourceTree = "<group>";
		};
		281C77BD1F70207F003E044C /* images */ = {
			isa = PBXGroup;
			children = (
				281C77B31F702070003E044C /* joker_yellow.png */,
				281C77B41F702070003E044C /* joker_red.png */,
				281C77B51F702070003E044C /* joker_green.png */,
				281C77B61F702070003E044C /* joker_blue.png */,
				281C77B71F702070003E044C /* joker_black.png */,
			);
			name = images;
			sourceTree = "<group>";
		};
/* End PBXGroup section */

/* Begin PBXNativeTarget section */
		281C77831F6FA992003E044C /* remik */ = {
			isa = PBXNativeTarget;
			buildConfigurationList = 281C77961F6FA992003E044C /* Build configuration list for PBXNativeTarget "remik" */;
			buildPhases = (
				281C77801F6FA992003E044C /* Sources */,
				281C77811F6FA992003E044C /* Frameworks */,
				281C77821F6FA992003E044C /* Resources */,
			);
			buildRules = (
			);
			dependencies = (
			);
			name = remik;
			productName = remik;
			productReference = 281C77841F6FA992003E044C /* remik.app */;
			productType = "com.apple.product-type.application";
		};
/* End PBXNativeTarget section */

/* Begin PBXProject section */
		281C777C1F6FA992003E044C /* Project object */ = {
			isa = PBXProject;
			attributes = {
				LastSwiftUpdateCheck = 0830;
				LastUpgradeCheck = 0900;
				ORGANIZATIONNAME = "Bohdan Yevchenko";
				TargetAttributes = {
					281C77831F6FA992003E044C = {
						CreatedOnToolsVersion = 8.3.3;
						DevelopmentTeam = DHFYQ55Q3U;
						LastSwiftMigration = 0900;
						ProvisioningStyle = Automatic;
					};
				};
			};
			buildConfigurationList = 281C777F1F6FA992003E044C /* Build configuration list for PBXProject "remik" */;
			compatibilityVersion = "Xcode 3.2";
			developmentRegion = English;
			hasScannedForEncodings = 0;
			knownRegions = (
				en,
				Base,
			);
			mainGroup = 281C777B1F6FA992003E044C;
			productRefGroup = 281C77851F6FA992003E044C /* Products */;
			projectDirPath = "";
			projectRoot = "";
			targets = (
				281C77831F6FA992003E044C /* remik */,
			);
		};
/* End PBXProject section */

/* Begin PBXResourcesBuildPhase section */
		281C77821F6FA992003E044C /* Resources */ = {
			isa = PBXResourcesBuildPhase;
			buildActionMask = 2147483647;
			files = (
				281C77921F6FA992003E044C /* LaunchScreen.storyboard in Resources */,
				281C77BC1F702070003E044C /* joker_black.png in Resources */,
				281C77B81F702070003E044C /* joker_yellow.png in Resources */,
				281C778F1F6FA992003E044C /* Assets.xcassets in Resources */,
				281C77B91F702070003E044C /* joker_red.png in Resources */,
				281C77BB1F702070003E044C /* joker_blue.png in Resources */,
				281C778D1F6FA992003E044C /* Main.storyboard in Resources */,
				281C77BA1F702070003E044C /* joker_green.png in Resources */,
			);
			runOnlyForDeploymentPostprocessing = 0;
		};
/* End PBXResourcesBuildPhase section */

/* Begin PBXSourcesBuildPhase section */
		281C77801F6FA992003E044C /* Sources */ = {
			isa = PBXSourcesBuildPhase;
			buildActionMask = 2147483647;
			files = (
				281C77BF1F703236003E044C /* AnimationManager.swift in Sources */,
				281C778A1F6FA992003E044C /* BoardViewController.swift in Sources */,
				281D5A451F710C1F008CFE14 /* LocationManager.swift in Sources */,
				281C77AE1F6FE735003E044C /* Event.swift in Sources */,
				281C779F1F6FB4DE003E044C /* Game.swift in Sources */,
				281C77AC1F6FE13C003E044C /* ChipView.swift in Sources */,
				281C779A1F6FAD9F003E044C /* Chip.swift in Sources */,
				281C77AA1F6FDDB9003E044C /* HandView.swift in Sources */,
				281D5A491F710EEC008CFE14 /* ChipsContainerView.swift in Sources */,
				28ECF4C81F70FAA0004CEC2F /* BoardView.swift in Sources */,
				281C77881F6FA992003E044C /* AppDelegate.swift in Sources */,
				281C77A51F6FC626003E044C /* Matrix.swift in Sources */,
				281D5A471F710DF1008CFE14 /* DragAndDropProcessor.swift in Sources */,
				281C77A31F6FBAD2003E044C /* Board.swift in Sources */,
				281C77C11F7032C5003E044C /* Deque.swift in Sources */,
				281C77A11F6FB506003E044C /* Player.swift in Sources */,
				281C779D1F6FAE3F003E044C /* ChipsCollection.swift in Sources */,
			);
			runOnlyForDeploymentPostprocessing = 0;
		};
/* End PBXSourcesBuildPhase section */

/* Begin PBXVariantGroup section */
		281C778B1F6FA992003E044C /* Main.storyboard */ = {
			isa = PBXVariantGroup;
			children = (
				281C778C1F6FA992003E044C /* Base */,
			);
			name = Main.storyboard;
			sourceTree = "<group>";
		};
		281C77901F6FA992003E044C /* LaunchScreen.storyboard */ = {
			isa = PBXVariantGroup;
			children = (
				281C77911F6FA992003E044C /* Base */,
			);
			name = LaunchScreen.storyboard;
			sourceTree = "<group>";
		};
/* End PBXVariantGroup section */

/* Begin XCBuildConfiguration section */
		281C77941F6FA992003E044C /* Debug */ = {
			isa = XCBuildConfiguration;
			buildSettings = {
				ALWAYS_SEARCH_USER_PATHS = NO;
				CLANG_ANALYZER_NONNULL = YES;
				CLANG_ANALYZER_NUMBER_OBJECT_CONVERSION = YES_AGGRESSIVE;
				CLANG_CXX_LANGUAGE_STANDARD = "gnu++0x";
				CLANG_CXX_LIBRARY = "libc++";
				CLANG_ENABLE_MODULES = YES;
				CLANG_ENABLE_OBJC_ARC = YES;
				CLANG_WARN_BLOCK_CAPTURE_AUTORELEASING = YES;
				CLANG_WARN_BOOL_CONVERSION = YES;
				CLANG_WARN_COMMA = YES;
				CLANG_WARN_CONSTANT_CONVERSION = YES;
				CLANG_WARN_DIRECT_OBJC_ISA_USAGE = YES_ERROR;
				CLANG_WARN_DOCUMENTATION_COMMENTS = YES;
				CLANG_WARN_EMPTY_BODY = YES;
				CLANG_WARN_ENUM_CONVERSION = YES;
				CLANG_WARN_INFINITE_RECURSION = YES;
				CLANG_WARN_INT_CONVERSION = YES;
				CLANG_WARN_NON_LITERAL_NULL_CONVERSION = YES;
				CLANG_WARN_OBJC_LITERAL_CONVERSION = YES;
				CLANG_WARN_OBJC_ROOT_CLASS = YES_ERROR;
				CLANG_WARN_RANGE_LOOP_ANALYSIS = YES;
				CLANG_WARN_STRICT_PROTOTYPES = YES;
				CLANG_WARN_SUSPICIOUS_MOVE = YES;
				CLANG_WARN_UNREACHABLE_CODE = YES;
				CLANG_WARN__DUPLICATE_METHOD_MATCH = YES;
				"CODE_SIGN_IDENTITY[sdk=iphoneos*]" = "iPhone Developer";
				COPY_PHASE_STRIP = NO;
				DEBUG_INFORMATION_FORMAT = dwarf;
				ENABLE_STRICT_OBJC_MSGSEND = YES;
				ENABLE_TESTABILITY = YES;
				GCC_C_LANGUAGE_STANDARD = gnu99;
				GCC_DYNAMIC_NO_PIC = NO;
				GCC_NO_COMMON_BLOCKS = YES;
				GCC_OPTIMIZATION_LEVEL = 0;
				GCC_PREPROCESSOR_DEFINITIONS = (
					"DEBUG=1",
					"$(inherited)",
				);
				GCC_WARN_64_TO_32_BIT_CONVERSION = YES;
				GCC_WARN_ABOUT_RETURN_TYPE = YES_ERROR;
				GCC_WARN_UNDECLARED_SELECTOR = YES;
				GCC_WARN_UNINITIALIZED_AUTOS = YES_AGGRESSIVE;
				GCC_WARN_UNUSED_FUNCTION = YES;
				GCC_WARN_UNUSED_VARIABLE = YES;
				IPHONEOS_DEPLOYMENT_TARGET = 10.3;
				MTL_ENABLE_DEBUG_INFO = YES;
				ONLY_ACTIVE_ARCH = YES;
				SDKROOT = iphoneos;
				SWIFT_ACTIVE_COMPILATION_CONDITIONS = DEBUG;
				SWIFT_OPTIMIZATION_LEVEL = "-Onone";
				SWIFT_SWIFT3_OBJC_INFERENCE = Off;
				TARGETED_DEVICE_FAMILY = "1,2";
			};
			name = Debug;
		};
		281C77951F6FA992003E044C /* Release */ = {
			isa = XCBuildConfiguration;
			buildSettings = {
				ALWAYS_SEARCH_USER_PATHS = NO;
				CLANG_ANALYZER_NONNULL = YES;
				CLANG_ANALYZER_NUMBER_OBJECT_CONVERSION = YES_AGGRESSIVE;
				CLANG_CXX_LANGUAGE_STANDARD = "gnu++0x";
				CLANG_CXX_LIBRARY = "libc++";
				CLANG_ENABLE_MODULES = YES;
				CLANG_ENABLE_OBJC_ARC = YES;
				CLANG_WARN_BLOCK_CAPTURE_AUTORELEASING = YES;
				CLANG_WARN_BOOL_CONVERSION = YES;
				CLANG_WARN_COMMA = YES;
				CLANG_WARN_CONSTANT_CONVERSION = YES;
				CLANG_WARN_DIRECT_OBJC_ISA_USAGE = YES_ERROR;
				CLANG_WARN_DOCUMENTATION_COMMENTS = YES;
				CLANG_WARN_EMPTY_BODY = YES;
				CLANG_WARN_ENUM_CONVERSION = YES;
				CLANG_WARN_INFINITE_RECURSION = YES;
				CLANG_WARN_INT_CONVERSION = YES;
				CLANG_WARN_NON_LITERAL_NULL_CONVERSION = YES;
				CLANG_WARN_OBJC_LITERAL_CONVERSION = YES;
				CLANG_WARN_OBJC_ROOT_CLASS = YES_ERROR;
				CLANG_WARN_RANGE_LOOP_ANALYSIS = YES;
				CLANG_WARN_STRICT_PROTOTYPES = YES;
				CLANG_WARN_SUSPICIOUS_MOVE = YES;
				CLANG_WARN_UNREACHABLE_CODE = YES;
				CLANG_WARN__DUPLICATE_METHOD_MATCH = YES;
				"CODE_SIGN_IDENTITY[sdk=iphoneos*]" = "iPhone Developer";
				COPY_PHASE_STRIP = NO;
				DEBUG_INFORMATION_FORMAT = "dwarf-with-dsym";
				ENABLE_NS_ASSERTIONS = NO;
				ENABLE_STRICT_OBJC_MSGSEND = YES;
				GCC_C_LANGUAGE_STANDARD = gnu99;
				GCC_NO_COMMON_BLOCKS = YES;
				GCC_WARN_64_TO_32_BIT_CONVERSION = YES;
				GCC_WARN_ABOUT_RETURN_TYPE = YES_ERROR;
				GCC_WARN_UNDECLARED_SELECTOR = YES;
				GCC_WARN_UNINITIALIZED_AUTOS = YES_AGGRESSIVE;
				GCC_WARN_UNUSED_FUNCTION = YES;
				GCC_WARN_UNUSED_VARIABLE = YES;
				IPHONEOS_DEPLOYMENT_TARGET = 10.3;
				MTL_ENABLE_DEBUG_INFO = NO;
				SDKROOT = iphoneos;
				SWIFT_OPTIMIZATION_LEVEL = "-Owholemodule";
				SWIFT_SWIFT3_OBJC_INFERENCE = Off;
				TARGETED_DEVICE_FAMILY = "1,2";
				VALIDATE_PRODUCT = YES;
			};
			name = Release;
		};
		281C77971F6FA992003E044C /* Debug */ = {
			isa = XCBuildConfiguration;
			buildSettings = {
				ASSETCATALOG_COMPILER_APPICON_NAME = AppIcon;
				DEVELOPMENT_TEAM = DHFYQ55Q3U;
				INFOPLIST_FILE = remik/Info.plist;
				LD_RUNPATH_SEARCH_PATHS = "$(inherited) @executable_path/Frameworks";
				PRODUCT_BUNDLE_IDENTIFIER = com.olderor.remik;
				PRODUCT_NAME = "$(TARGET_NAME)";
				SWIFT_SWIFT3_OBJC_INFERENCE = Off;
				SWIFT_VERSION = 4.0;
			};
			name = Debug;
		};
		281C77981F6FA992003E044C /* Release */ = {
			isa = XCBuildConfiguration;
			buildSettings = {
				ASSETCATALOG_COMPILER_APPICON_NAME = AppIcon;
				DEVELOPMENT_TEAM = DHFYQ55Q3U;
				INFOPLIST_FILE = remik/Info.plist;
				LD_RUNPATH_SEARCH_PATHS = "$(inherited) @executable_path/Frameworks";
				PRODUCT_BUNDLE_IDENTIFIER = com.olderor.remik;
				PRODUCT_NAME = "$(TARGET_NAME)";
				SWIFT_SWIFT3_OBJC_INFERENCE = Off;
				SWIFT_VERSION = 4.0;
			};
			name = Release;
		};
/* End XCBuildConfiguration section */

/* Begin XCConfigurationList section */
		281C777F1F6FA992003E044C /* Build configuration list for PBXProject "remik" */ = {
			isa = XCConfigurationList;
			buildConfigurations = (
				281C77941F6FA992003E044C /* Debug */,
				281C77951F6FA992003E044C /* Release */,
			);
			defaultConfigurationIsVisible = 0;
			defaultConfigurationName = Release;
		};
		281C77961F6FA992003E044C /* Build configuration list for PBXNativeTarget "remik" */ = {
			isa = XCConfigurationList;
			buildConfigurations = (
				281C77971F6FA992003E044C /* Debug */,
				281C77981F6FA992003E044C /* Release */,
			);
			defaultConfigurationIsVisible = 0;
			defaultConfigurationName = Release;
		};
/* End XCConfigurationList section */
	};
	rootObject = 281C777C1F6FA992003E044C /* Project object */;
}
